// !$*UTF8*$!
{
	archiveVersion = 1;
	classes = {
	};
	objectVersion = 56;
	objects = {

/* Begin PBXBuildFile section */
		861081DA2DB7808600759D1D /* CorrectModal.swift in Sources */ = {isa = PBXBuildFile; fileRef = 861081D92DB7808600759D1D /* CorrectModal.swift */; };
		861081DC2DB7808F00759D1D /* IncorrectModal.swift in Sources */ = {isa = PBXBuildFile; fileRef = 861081DB2DB7808F00759D1D /* IncorrectModal.swift */; };
		861081DE2DB780C900759D1D /* MCButtonStyle.swift in Sources */ = {isa = PBXBuildFile; fileRef = 861081DD2DB780C900759D1D /* MCButtonStyle.swift */; };
		86A0109F2DAEF92A000F8619 /* PathPopup.swift in Sources */ = {isa = PBXBuildFile; fileRef = 86A0109E2DAEF92A000F8619 /* PathPopup.swift */; };
		86A010A12DAF2366000F8619 /* TopHeader.swift in Sources */ = {isa = PBXBuildFile; fileRef = 86A010A02DAF2366000F8619 /* TopHeader.swift */; };
		86A010A32DAF24B6000F8619 /* PathButton.swift in Sources */ = {isa = PBXBuildFile; fileRef = 86A010A22DAF24B6000F8619 /* PathButton.swift */; };
		86A010A52DAF2518000F8619 /* SplitButton.swift in Sources */ = {isa = PBXBuildFile; fileRef = 86A010A42DAF2518000F8619 /* SplitButton.swift */; };
		86A010A82DAF264D000F8619 /* StreakButton.swift in Sources */ = {isa = PBXBuildFile; fileRef = 86A010A72DAF264D000F8619 /* StreakButton.swift */; };
		86A5A7752DA9172F001A7200 /* HomeView.swift in Sources */ = {isa = PBXBuildFile; fileRef = 86A5A7742DA9172F001A7200 /* HomeView.swift */; };
		86A5A7772DA91D09001A7200 /* QuestionView.swift in Sources */ = {isa = PBXBuildFile; fileRef = 86A5A7762DA91D09001A7200 /* QuestionView.swift */; };
		86A5A77D2DA91D8C001A7200 /* MCView.swift in Sources */ = {isa = PBXBuildFile; fileRef = 86A5A77C2DA91D8C001A7200 /* MCView.swift */; };
		86A5A77F2DA91D9A001A7200 /* TokenView.swift in Sources */ = {isa = PBXBuildFile; fileRef = 86A5A77E2DA91D9A001A7200 /* TokenView.swift */; };
		86A5A7812DA91DCA001A7200 /* CodeFixView.swift in Sources */ = {isa = PBXBuildFile; fileRef = 86A5A7802DA91DCA001A7200 /* CodeFixView.swift */; };
		86A5A7832DA91DE4001A7200 /* CodeWriteView.swift in Sources */ = {isa = PBXBuildFile; fileRef = 86A5A7822DA91DE4001A7200 /* CodeWriteView.swift */; };
		86A5A7872DA91EB7001A7200 /* LessonView.swift in Sources */ = {isa = PBXBuildFile; fileRef = 86A5A7862DA91EB7001A7200 /* LessonView.swift */; };
		86A5A78F2DAC9EC7001A7200 /* TextModifier.swift in Sources */ = {isa = PBXBuildFile; fileRef = 86A5A78E2DAC9EC7001A7200 /* TextModifier.swift */; };
		86A5A7912DACAD82001A7200 /* SplitHeader.swift in Sources */ = {isa = PBXBuildFile; fileRef = 86A5A7902DACAD82001A7200 /* SplitHeader.swift */; };
		86A5A7972DACCC96001A7200 /* MorphingDivider.swift in Sources */ = {isa = PBXBuildFile; fileRef = 86A5A7962DACCC96001A7200 /* MorphingDivider.swift */; };
		86A5A7992DACED01001A7200 /* HomepageStepView.swift in Sources */ = {isa = PBXBuildFile; fileRef = 86A5A7982DACED01001A7200 /* HomepageStepView.swift */; };
		86B1FD3A2DAF873C00EC94EE /* RootView.swift in Sources */ = {isa = PBXBuildFile; fileRef = 86B1FD392DAF873C00EC94EE /* RootView.swift */; };
		86CA8FB12DA7E3370063D498 /* PolycodeApp.swift in Sources */ = {isa = PBXBuildFile; fileRef = 86CA8FB02DA7E3370063D498 /* PolycodeApp.swift */; };
		86CA8FB52DA7E3380063D498 /* Assets.xcassets in Resources */ = {isa = PBXBuildFile; fileRef = 86CA8FB42DA7E3380063D498 /* Assets.xcassets */; };
		86CA8FC22DA7E3380063D498 /* PolycodeTests.swift in Sources */ = {isa = PBXBuildFile; fileRef = 86CA8FC12DA7E3380063D498 /* PolycodeTests.swift */; };
		86CA8FCC2DA7E3380063D498 /* PolycodeUITests.swift in Sources */ = {isa = PBXBuildFile; fileRef = 86CA8FCB2DA7E3380063D498 /* PolycodeUITests.swift */; };
		86CA8FCE2DA7E3380063D498 /* PolycodeUITestsLaunchTests.swift in Sources */ = {isa = PBXBuildFile; fileRef = 86CA8FCD2DA7E3380063D498 /* PolycodeUITestsLaunchTests.swift */; };
		86CA8FE32DA8DB690063D498 /* MainButton.swift in Sources */ = {isa = PBXBuildFile; fileRef = 86CA8FE22DA8DB690063D498 /* MainButton.swift */; };
		86D421182DB70E4F00D7F913 /* GoogleService-Info.plist in Resources */ = {isa = PBXBuildFile; fileRef = 86D421172DB70E4F00D7F913 /* GoogleService-Info.plist */; };
		86D4211B2DB70EE800D7F913 /* FirebaseAnalytics in Frameworks */ = {isa = PBXBuildFile; productRef = 86D4211A2DB70EE800D7F913 /* FirebaseAnalytics */; };
		86D4211D2DB70EE800D7F913 /* FirebaseFirestore in Frameworks */ = {isa = PBXBuildFile; productRef = 86D4211C2DB70EE800D7F913 /* FirebaseFirestore */; };
		86D4211E2DB70F8600D7F913 /* GoogleService-Info.plist in Resources */ = {isa = PBXBuildFile; fileRef = 86D421172DB70E4F00D7F913 /* GoogleService-Info.plist */; };
		86D4211F2DB70F8600D7F913 /* GoogleService-Info.plist in Resources */ = {isa = PBXBuildFile; fileRef = 86D421172DB70E4F00D7F913 /* GoogleService-Info.plist */; };
		86DB06CD2DB727CD00D14E03 /* UserData.swift in Sources */ = {isa = PBXBuildFile; fileRef = 86DB06CC2DB727CD00D14E03 /* UserData.swift */; };
		86DB06CF2DB727D500D14E03 /* LessonData.swift in Sources */ = {isa = PBXBuildFile; fileRef = 86DB06CE2DB727D500D14E03 /* LessonData.swift */; };
		86DB06D12DB727E100D14E03 /* Question.swift in Sources */ = {isa = PBXBuildFile; fileRef = 86DB06D02DB727E100D14E03 /* Question.swift */; };
		86DB06D32DB727EC00D14E03 /* QuestionData.swift in Sources */ = {isa = PBXBuildFile; fileRef = 86DB06D22DB727EC00D14E03 /* QuestionData.swift */; };
		86DB06D52DB72B1E00D14E03 /* LessonViewModel.swift in Sources */ = {isa = PBXBuildFile; fileRef = 86DB06D42DB72B1900D14E03 /* LessonViewModel.swift */; };
		86DB06D92DB73B0000D14E03 /* SignInView.swift in Sources */ = {isa = PBXBuildFile; fileRef = 86DB06D82DB73AFC00D14E03 /* SignInView.swift */; };
		86DB06DC2DB73B6500D14E03 /* FirebaseAuth in Frameworks */ = {isa = PBXBuildFile; productRef = 86DB06DB2DB73B6500D14E03 /* FirebaseAuth */; };
		86DB06E42DB75DAF00D14E03 /* GlowingRing.swift in Sources */ = {isa = PBXBuildFile; fileRef = 86DB06E32DB75DAF00D14E03 /* GlowingRing.swift */; };
		86DB06E62DB76C5B00D14E03 /* LoadingView.swift in Sources */ = {isa = PBXBuildFile; fileRef = 86DB06E52DB76C5500D14E03 /* LoadingView.swift */; };
		9AA80C992DB78D400010ECA3 /* DropComponents.swift in Sources */ = {isa = PBXBuildFile; fileRef = 9AA80C982DB78D270010ECA3 /* DropComponents.swift */; };
/* End PBXBuildFile section */

/* Begin PBXContainerItemProxy section */
		86CA8FBE2DA7E3380063D498 /* PBXContainerItemProxy */ = {
			isa = PBXContainerItemProxy;
			containerPortal = 86CA8FA52DA7E3370063D498 /* Project object */;
			proxyType = 1;
			remoteGlobalIDString = 86CA8FAC2DA7E3370063D498;
			remoteInfo = Polycode;
		};
		86CA8FC82DA7E3380063D498 /* PBXContainerItemProxy */ = {
			isa = PBXContainerItemProxy;
			containerPortal = 86CA8FA52DA7E3370063D498 /* Project object */;
			proxyType = 1;
			remoteGlobalIDString = 86CA8FAC2DA7E3370063D498;
			remoteInfo = Polycode;
		};
/* End PBXContainerItemProxy section */

/* Begin PBXFileReference section */
		861081D92DB7808600759D1D /* CorrectModal.swift */ = {isa = PBXFileReference; lastKnownFileType = sourcecode.swift; path = CorrectModal.swift; sourceTree = "<group>"; };
		861081DB2DB7808F00759D1D /* IncorrectModal.swift */ = {isa = PBXFileReference; lastKnownFileType = sourcecode.swift; path = IncorrectModal.swift; sourceTree = "<group>"; };
		861081DD2DB780C900759D1D /* MCButtonStyle.swift */ = {isa = PBXFileReference; lastKnownFileType = sourcecode.swift; path = MCButtonStyle.swift; sourceTree = "<group>"; };
		86A0109E2DAEF92A000F8619 /* PathPopup.swift */ = {isa = PBXFileReference; lastKnownFileType = sourcecode.swift; path = PathPopup.swift; sourceTree = "<group>"; };
		86A010A02DAF2366000F8619 /* TopHeader.swift */ = {isa = PBXFileReference; lastKnownFileType = sourcecode.swift; path = TopHeader.swift; sourceTree = "<group>"; };
		86A010A22DAF24B6000F8619 /* PathButton.swift */ = {isa = PBXFileReference; lastKnownFileType = sourcecode.swift; path = PathButton.swift; sourceTree = "<group>"; };
		86A010A42DAF2518000F8619 /* SplitButton.swift */ = {isa = PBXFileReference; lastKnownFileType = sourcecode.swift; path = SplitButton.swift; sourceTree = "<group>"; };
		86A010A72DAF264D000F8619 /* StreakButton.swift */ = {isa = PBXFileReference; lastKnownFileType = sourcecode.swift; path = StreakButton.swift; sourceTree = "<group>"; };
		86A5A7742DA9172F001A7200 /* HomeView.swift */ = {isa = PBXFileReference; lastKnownFileType = sourcecode.swift; path = HomeView.swift; sourceTree = "<group>"; };
		86A5A7762DA91D09001A7200 /* QuestionView.swift */ = {isa = PBXFileReference; lastKnownFileType = sourcecode.swift; path = QuestionView.swift; sourceTree = "<group>"; };
		86A5A77C2DA91D8C001A7200 /* MCView.swift */ = {isa = PBXFileReference; lastKnownFileType = sourcecode.swift; path = MCView.swift; sourceTree = "<group>"; };
		86A5A77E2DA91D9A001A7200 /* TokenView.swift */ = {isa = PBXFileReference; lastKnownFileType = sourcecode.swift; path = TokenView.swift; sourceTree = "<group>"; };
		86A5A7802DA91DCA001A7200 /* CodeFixView.swift */ = {isa = PBXFileReference; lastKnownFileType = sourcecode.swift; path = CodeFixView.swift; sourceTree = "<group>"; };
		86A5A7822DA91DE4001A7200 /* CodeWriteView.swift */ = {isa = PBXFileReference; lastKnownFileType = sourcecode.swift; path = CodeWriteView.swift; sourceTree = "<group>"; };
		86A5A7862DA91EB7001A7200 /* LessonView.swift */ = {isa = PBXFileReference; lastKnownFileType = sourcecode.swift; path = LessonView.swift; sourceTree = "<group>"; };
		86A5A78E2DAC9EC7001A7200 /* TextModifier.swift */ = {isa = PBXFileReference; lastKnownFileType = sourcecode.swift; path = TextModifier.swift; sourceTree = "<group>"; };
		86A5A7902DACAD82001A7200 /* SplitHeader.swift */ = {isa = PBXFileReference; lastKnownFileType = sourcecode.swift; path = SplitHeader.swift; sourceTree = "<group>"; };
		86A5A7962DACCC96001A7200 /* MorphingDivider.swift */ = {isa = PBXFileReference; lastKnownFileType = sourcecode.swift; path = MorphingDivider.swift; sourceTree = "<group>"; };
		86A5A7982DACED01001A7200 /* HomepageStepView.swift */ = {isa = PBXFileReference; lastKnownFileType = sourcecode.swift; path = HomepageStepView.swift; sourceTree = "<group>"; };
		86B1FD392DAF873C00EC94EE /* RootView.swift */ = {isa = PBXFileReference; lastKnownFileType = sourcecode.swift; path = RootView.swift; sourceTree = "<group>"; };
		86CA8FAD2DA7E3370063D498 /* Polycode.app */ = {isa = PBXFileReference; explicitFileType = wrapper.application; includeInIndex = 0; path = Polycode.app; sourceTree = BUILT_PRODUCTS_DIR; };
		86CA8FB02DA7E3370063D498 /* PolycodeApp.swift */ = {isa = PBXFileReference; lastKnownFileType = sourcecode.swift; path = PolycodeApp.swift; sourceTree = "<group>"; };
		86CA8FB42DA7E3380063D498 /* Assets.xcassets */ = {isa = PBXFileReference; lastKnownFileType = folder.assetcatalog; path = Assets.xcassets; sourceTree = "<group>"; };
		86CA8FBD2DA7E3380063D498 /* PolycodeTests.xctest */ = {isa = PBXFileReference; explicitFileType = wrapper.cfbundle; includeInIndex = 0; path = PolycodeTests.xctest; sourceTree = BUILT_PRODUCTS_DIR; };
		86CA8FC12DA7E3380063D498 /* PolycodeTests.swift */ = {isa = PBXFileReference; lastKnownFileType = sourcecode.swift; path = PolycodeTests.swift; sourceTree = "<group>"; };
		86CA8FC72DA7E3380063D498 /* PolycodeUITests.xctest */ = {isa = PBXFileReference; explicitFileType = wrapper.cfbundle; includeInIndex = 0; path = PolycodeUITests.xctest; sourceTree = BUILT_PRODUCTS_DIR; };
		86CA8FCB2DA7E3380063D498 /* PolycodeUITests.swift */ = {isa = PBXFileReference; lastKnownFileType = sourcecode.swift; path = PolycodeUITests.swift; sourceTree = "<group>"; };
		86CA8FCD2DA7E3380063D498 /* PolycodeUITestsLaunchTests.swift */ = {isa = PBXFileReference; lastKnownFileType = sourcecode.swift; path = PolycodeUITestsLaunchTests.swift; sourceTree = "<group>"; };
		86CA8FE22DA8DB690063D498 /* MainButton.swift */ = {isa = PBXFileReference; lastKnownFileType = sourcecode.swift; path = MainButton.swift; sourceTree = "<group>"; };
		86D421172DB70E4F00D7F913 /* GoogleService-Info.plist */ = {isa = PBXFileReference; fileEncoding = 4; lastKnownFileType = text.plist.xml; path = "GoogleService-Info.plist"; sourceTree = "<group>"; };
		86DB06CC2DB727CD00D14E03 /* UserData.swift */ = {isa = PBXFileReference; lastKnownFileType = sourcecode.swift; path = UserData.swift; sourceTree = "<group>"; };
		86DB06CE2DB727D500D14E03 /* LessonData.swift */ = {isa = PBXFileReference; lastKnownFileType = sourcecode.swift; path = LessonData.swift; sourceTree = "<group>"; };
		86DB06D02DB727E100D14E03 /* Question.swift */ = {isa = PBXFileReference; lastKnownFileType = sourcecode.swift; path = Question.swift; sourceTree = "<group>"; };
		86DB06D22DB727EC00D14E03 /* QuestionData.swift */ = {isa = PBXFileReference; lastKnownFileType = sourcecode.swift; path = QuestionData.swift; sourceTree = "<group>"; };
		86DB06D42DB72B1900D14E03 /* LessonViewModel.swift */ = {isa = PBXFileReference; lastKnownFileType = sourcecode.swift; path = LessonViewModel.swift; sourceTree = "<group>"; };
		86DB06D82DB73AFC00D14E03 /* SignInView.swift */ = {isa = PBXFileReference; lastKnownFileType = sourcecode.swift; path = SignInView.swift; sourceTree = "<group>"; };
		86DB06E32DB75DAF00D14E03 /* GlowingRing.swift */ = {isa = PBXFileReference; lastKnownFileType = sourcecode.swift; path = GlowingRing.swift; sourceTree = "<group>"; };
		86DB06E52DB76C5500D14E03 /* LoadingView.swift */ = {isa = PBXFileReference; lastKnownFileType = sourcecode.swift; path = LoadingView.swift; sourceTree = "<group>"; };
		9AA80C982DB78D270010ECA3 /* DropComponents.swift */ = {isa = PBXFileReference; lastKnownFileType = sourcecode.swift; path = DropComponents.swift; sourceTree = "<group>"; };
/* End PBXFileReference section */

/* Begin PBXFrameworksBuildPhase section */
		86CA8FAA2DA7E3370063D498 /* Frameworks */ = {
			isa = PBXFrameworksBuildPhase;
			buildActionMask = 2147483647;
			files = (
				86D4211B2DB70EE800D7F913 /* FirebaseAnalytics in Frameworks */,
				86DB06DC2DB73B6500D14E03 /* FirebaseAuth in Frameworks */,
				86D4211D2DB70EE800D7F913 /* FirebaseFirestore in Frameworks */,
			);
			runOnlyForDeploymentPostprocessing = 0;
		};
		86CA8FBA2DA7E3380063D498 /* Frameworks */ = {
			isa = PBXFrameworksBuildPhase;
			buildActionMask = 2147483647;
			files = (
			);
			runOnlyForDeploymentPostprocessing = 0;
		};
		86CA8FC42DA7E3380063D498 /* Frameworks */ = {
			isa = PBXFrameworksBuildPhase;
			buildActionMask = 2147483647;
			files = (
			);
			runOnlyForDeploymentPostprocessing = 0;
		};
/* End PBXFrameworksBuildPhase section */

/* Begin PBXGroup section */
		861081D62DB7804300759D1D /* PopUps */ = {
			isa = PBXGroup;
			children = (
				861081DB2DB7808F00759D1D /* IncorrectModal.swift */,
				861081D92DB7808600759D1D /* CorrectModal.swift */,
			);
			path = PopUps;
			sourceTree = "<group>";
		};
		86A010A62DAF25F1000F8619 /* Buttons */ = {
			isa = PBXGroup;
			children = (
				861081DD2DB780C900759D1D /* MCButtonStyle.swift */,
				86CA8FE22DA8DB690063D498 /* MainButton.swift */,
				86A010A22DAF24B6000F8619 /* PathButton.swift */,
				86A010A42DAF2518000F8619 /* SplitButton.swift */,
				86A010A72DAF264D000F8619 /* StreakButton.swift */,
			);
			path = Buttons;
			sourceTree = "<group>";
		};
		86A5A7632DA9104D001A7200 /* Views */ = {
			isa = PBXGroup;
			children = (
				86B1FD392DAF873C00EC94EE /* RootView.swift */,
				86A5A7642DA91092001A7200 /* Home */,
				86A5A7652DA91097001A7200 /* Path */,
				86A5A7672DA910BC001A7200 /* Lesson */,
			);
			path = Views;
			sourceTree = "<group>";
		};
		86A5A7642DA91092001A7200 /* Home */ = {
			isa = PBXGroup;
			children = (
				86DB06E52DB76C5500D14E03 /* LoadingView.swift */,
				86DB06D82DB73AFC00D14E03 /* SignInView.swift */,
				86A5A7742DA9172F001A7200 /* HomeView.swift */,
			);
			path = Home;
			sourceTree = "<group>";
		};
		86A5A7652DA91097001A7200 /* Path */ = {
			isa = PBXGroup;
			children = (
				86A5A7982DACED01001A7200 /* HomepageStepView.swift */,
				86A5A7902DACAD82001A7200 /* SplitHeader.swift */,
				86A010A02DAF2366000F8619 /* TopHeader.swift */,
			);
			path = Path;
			sourceTree = "<group>";
		};
		86A5A7672DA910BC001A7200 /* Lesson */ = {
			isa = PBXGroup;
			children = (
				86A5A7862DA91EB7001A7200 /* LessonView.swift */,
				86A5A7762DA91D09001A7200 /* QuestionView.swift */,
				86A5A77C2DA91D8C001A7200 /* MCView.swift */,
				86A5A77E2DA91D9A001A7200 /* TokenView.swift */,
				86A5A7822DA91DE4001A7200 /* CodeWriteView.swift */,
				86A5A7802DA91DCA001A7200 /* CodeFixView.swift */,
			);
			path = Lesson;
			sourceTree = "<group>";
		};
		86A5A7712DA916DB001A7200 /* Data */ = {
			isa = PBXGroup;
			children = (
				86DB06D42DB72B1900D14E03 /* LessonViewModel.swift */,
				86DB06CC2DB727CD00D14E03 /* UserData.swift */,
				86DB06CE2DB727D500D14E03 /* LessonData.swift */,
				86DB06D02DB727E100D14E03 /* Question.swift */,
				86DB06D22DB727EC00D14E03 /* QuestionData.swift */,
			);
			path = Data;
			sourceTree = "<group>";
		};
		86CA8FA42DA7E3370063D498 = {
			isa = PBXGroup;
			children = (
				86CA8FAF2DA7E3370063D498 /* Polycode */,
				86CA8FC02DA7E3380063D498 /* PolycodeTests */,
				86CA8FCA2DA7E3380063D498 /* PolycodeUITests */,
				86DB06DA2DB73B6500D14E03 /* Frameworks */,
				86CA8FAE2DA7E3370063D498 /* Products */,
			);
			sourceTree = "<group>";
		};
		86CA8FAE2DA7E3370063D498 /* Products */ = {
			isa = PBXGroup;
			children = (
				86CA8FAD2DA7E3370063D498 /* Polycode.app */,
				86CA8FBD2DA7E3380063D498 /* PolycodeTests.xctest */,
				86CA8FC72DA7E3380063D498 /* PolycodeUITests.xctest */,
			);
			name = Products;
			sourceTree = "<group>";
		};
		86CA8FAF2DA7E3370063D498 /* Polycode */ = {
			isa = PBXGroup;
			children = (
				86D421172DB70E4F00D7F913 /* GoogleService-Info.plist */,
				86CA8FB02DA7E3370063D498 /* PolycodeApp.swift */,
				86CA8FB42DA7E3380063D498 /* Assets.xcassets */,
				86CA8FE12DA8DB4F0063D498 /* Components */,
				86A5A7712DA916DB001A7200 /* Data */,
				86A5A7632DA9104D001A7200 /* Views */,
			);
			path = Polycode;
			sourceTree = "<group>";
		};
		86CA8FC02DA7E3380063D498 /* PolycodeTests */ = {
			isa = PBXGroup;
			children = (
				86CA8FC12DA7E3380063D498 /* PolycodeTests.swift */,
			);
			path = PolycodeTests;
			sourceTree = "<group>";
		};
		86CA8FCA2DA7E3380063D498 /* PolycodeUITests */ = {
			isa = PBXGroup;
			children = (
				86CA8FCB2DA7E3380063D498 /* PolycodeUITests.swift */,
				86CA8FCD2DA7E3380063D498 /* PolycodeUITestsLaunchTests.swift */,
			);
			path = PolycodeUITests;
			sourceTree = "<group>";
		};
		86CA8FE12DA8DB4F0063D498 /* Components */ = {
			isa = PBXGroup;
			children = (
				9AA80C972DB78D040010ECA3 /* DragAndDrop */,
				861081D62DB7804300759D1D /* PopUps */,
				86DB06E32DB75DAF00D14E03 /* GlowingRing.swift */,
				86A010A62DAF25F1000F8619 /* Buttons */,
				86A5A7962DACCC96001A7200 /* MorphingDivider.swift */,
				86A5A78E2DAC9EC7001A7200 /* TextModifier.swift */,
				86A0109E2DAEF92A000F8619 /* PathPopup.swift */,
			);
			path = Components;
			sourceTree = "<group>";
		};
		86DB06DA2DB73B6500D14E03 /* Frameworks */ = {
			isa = PBXGroup;
			children = (
			);
			name = Frameworks;
			sourceTree = "<group>";
		};
		9AA80C972DB78D040010ECA3 /* DragAndDrop */ = {
			isa = PBXGroup;
			children = (
				9AA80C982DB78D270010ECA3 /* DropComponents.swift */,
			);
			path = DragAndDrop;
			sourceTree = "<group>";
		};
/* End PBXGroup section */

/* Begin PBXNativeTarget section */
		86CA8FAC2DA7E3370063D498 /* Polycode */ = {
			isa = PBXNativeTarget;
			buildConfigurationList = 86CA8FD12DA7E3380063D498 /* Build configuration list for PBXNativeTarget "Polycode" */;
			buildPhases = (
				86CA8FA92DA7E3370063D498 /* Sources */,
				86CA8FAA2DA7E3370063D498 /* Frameworks */,
				86CA8FAB2DA7E3370063D498 /* Resources */,
			);
			buildRules = (
			);
			dependencies = (
			);
			name = Polycode;
			packageProductDependencies = (
				86D4211A2DB70EE800D7F913 /* FirebaseAnalytics */,
				86D4211C2DB70EE800D7F913 /* FirebaseFirestore */,
				86DB06DB2DB73B6500D14E03 /* FirebaseAuth */,
			);
			productName = Polycode;
			productReference = 86CA8FAD2DA7E3370063D498 /* Polycode.app */;
			productType = "com.apple.product-type.application";
		};
		86CA8FBC2DA7E3380063D498 /* PolycodeTests */ = {
			isa = PBXNativeTarget;
			buildConfigurationList = 86CA8FD42DA7E3380063D498 /* Build configuration list for PBXNativeTarget "PolycodeTests" */;
			buildPhases = (
				86CA8FB92DA7E3380063D498 /* Sources */,
				86CA8FBA2DA7E3380063D498 /* Frameworks */,
				86CA8FBB2DA7E3380063D498 /* Resources */,
			);
			buildRules = (
			);
			dependencies = (
				86CA8FBF2DA7E3380063D498 /* PBXTargetDependency */,
			);
			name = PolycodeTests;
			productName = PolycodeTests;
			productReference = 86CA8FBD2DA7E3380063D498 /* PolycodeTests.xctest */;
			productType = "com.apple.product-type.bundle.unit-test";
		};
		86CA8FC62DA7E3380063D498 /* PolycodeUITests */ = {
			isa = PBXNativeTarget;
			buildConfigurationList = 86CA8FD72DA7E3380063D498 /* Build configuration list for PBXNativeTarget "PolycodeUITests" */;
			buildPhases = (
				86CA8FC32DA7E3380063D498 /* Sources */,
				86CA8FC42DA7E3380063D498 /* Frameworks */,
				86CA8FC52DA7E3380063D498 /* Resources */,
			);
			buildRules = (
			);
			dependencies = (
				86CA8FC92DA7E3380063D498 /* PBXTargetDependency */,
			);
			name = PolycodeUITests;
			productName = PolycodeUITests;
			productReference = 86CA8FC72DA7E3380063D498 /* PolycodeUITests.xctest */;
			productType = "com.apple.product-type.bundle.ui-testing";
		};
/* End PBXNativeTarget section */

/* Begin PBXProject section */
		86CA8FA52DA7E3370063D498 /* Project object */ = {
			isa = PBXProject;
			attributes = {
				BuildIndependentTargetsInParallel = 1;
				LastSwiftUpdateCheck = 1540;
				LastUpgradeCheck = 1630;
				TargetAttributes = {
					86CA8FAC2DA7E3370063D498 = {
						CreatedOnToolsVersion = 15.4;
					};
					86CA8FBC2DA7E3380063D498 = {
						CreatedOnToolsVersion = 15.4;
						TestTargetID = 86CA8FAC2DA7E3370063D498;
					};
					86CA8FC62DA7E3380063D498 = {
						CreatedOnToolsVersion = 15.4;
						TestTargetID = 86CA8FAC2DA7E3370063D498;
					};
				};
			};
			buildConfigurationList = 86CA8FA82DA7E3370063D498 /* Build configuration list for PBXProject "Polycode" */;
			compatibilityVersion = "Xcode 14.0";
			developmentRegion = en;
			hasScannedForEncodings = 0;
			knownRegions = (
				en,
				Base,
			);
			mainGroup = 86CA8FA42DA7E3370063D498;
			packageReferences = (
				86D421192DB70EE800D7F913 /* XCRemoteSwiftPackageReference "firebase-ios-sdk" */,
			);
			productRefGroup = 86CA8FAE2DA7E3370063D498 /* Products */;
			projectDirPath = "";
			projectRoot = "";
			targets = (
				86CA8FAC2DA7E3370063D498 /* Polycode */,
				86CA8FBC2DA7E3380063D498 /* PolycodeTests */,
				86CA8FC62DA7E3380063D498 /* PolycodeUITests */,
			);
		};
/* End PBXProject section */

/* Begin PBXResourcesBuildPhase section */
		86CA8FAB2DA7E3370063D498 /* Resources */ = {
			isa = PBXResourcesBuildPhase;
			buildActionMask = 2147483647;
			files = (
				86CA8FB52DA7E3380063D498 /* Assets.xcassets in Resources */,
				86D421182DB70E4F00D7F913 /* GoogleService-Info.plist in Resources */,
			);
			runOnlyForDeploymentPostprocessing = 0;
		};
		86CA8FBB2DA7E3380063D498 /* Resources */ = {
			isa = PBXResourcesBuildPhase;
			buildActionMask = 2147483647;
			files = (
				86D4211E2DB70F8600D7F913 /* GoogleService-Info.plist in Resources */,
			);
			runOnlyForDeploymentPostprocessing = 0;
		};
		86CA8FC52DA7E3380063D498 /* Resources */ = {
			isa = PBXResourcesBuildPhase;
			buildActionMask = 2147483647;
			files = (
				86D4211F2DB70F8600D7F913 /* GoogleService-Info.plist in Resources */,
			);
			runOnlyForDeploymentPostprocessing = 0;
		};
/* End PBXResourcesBuildPhase section */

/* Begin PBXSourcesBuildPhase section */
		86CA8FA92DA7E3370063D498 /* Sources */ = {
			isa = PBXSourcesBuildPhase;
			buildActionMask = 2147483647;
			files = (
				86A010A12DAF2366000F8619 /* TopHeader.swift in Sources */,
				86DB06CF2DB727D500D14E03 /* LessonData.swift in Sources */,
				86B1FD3A2DAF873C00EC94EE /* RootView.swift in Sources */,
				86DB06E42DB75DAF00D14E03 /* GlowingRing.swift in Sources */,
				86DB06D32DB727EC00D14E03 /* QuestionData.swift in Sources */,
				86A5A7872DA91EB7001A7200 /* LessonView.swift in Sources */,
				86CA8FE32DA8DB690063D498 /* MainButton.swift in Sources */,
				86A5A78F2DAC9EC7001A7200 /* TextModifier.swift in Sources */,
				861081DA2DB7808600759D1D /* CorrectModal.swift in Sources */,
				9AA80C992DB78D400010ECA3 /* DropComponents.swift in Sources */,
				86DB06E62DB76C5B00D14E03 /* LoadingView.swift in Sources */,
				86CA8FB12DA7E3370063D498 /* PolycodeApp.swift in Sources */,
				86DB06D52DB72B1E00D14E03 /* LessonViewModel.swift in Sources */,
				86DB06D92DB73B0000D14E03 /* SignInView.swift in Sources */,
				86A5A7812DA91DCA001A7200 /* CodeFixView.swift in Sources */,
				86A5A77F2DA91D9A001A7200 /* TokenView.swift in Sources */,
				86A5A7992DACED01001A7200 /* HomepageStepView.swift in Sources */,
				86A5A7752DA9172F001A7200 /* HomeView.swift in Sources */,
				86A010A82DAF264D000F8619 /* StreakButton.swift in Sources */,
				86A5A7772DA91D09001A7200 /* QuestionView.swift in Sources */,
				86DB06CD2DB727CD00D14E03 /* UserData.swift in Sources */,
				86DB06D12DB727E100D14E03 /* Question.swift in Sources */,
				861081DE2DB780C900759D1D /* MCButtonStyle.swift in Sources */,
				86A010A32DAF24B6000F8619 /* PathButton.swift in Sources */,
				86A5A77D2DA91D8C001A7200 /* MCView.swift in Sources */,
				86A5A7912DACAD82001A7200 /* SplitHeader.swift in Sources */,
				86A010A52DAF2518000F8619 /* SplitButton.swift in Sources */,
				86A0109F2DAEF92A000F8619 /* PathPopup.swift in Sources */,
				86A5A7832DA91DE4001A7200 /* CodeWriteView.swift in Sources */,
				861081DC2DB7808F00759D1D /* IncorrectModal.swift in Sources */,
				86A5A7972DACCC96001A7200 /* MorphingDivider.swift in Sources */,
			);
			runOnlyForDeploymentPostprocessing = 0;
		};
		86CA8FB92DA7E3380063D498 /* Sources */ = {
			isa = PBXSourcesBuildPhase;
			buildActionMask = 2147483647;
			files = (
				86CA8FC22DA7E3380063D498 /* PolycodeTests.swift in Sources */,
			);
			runOnlyForDeploymentPostprocessing = 0;
		};
		86CA8FC32DA7E3380063D498 /* Sources */ = {
			isa = PBXSourcesBuildPhase;
			buildActionMask = 2147483647;
			files = (
				86CA8FCE2DA7E3380063D498 /* PolycodeUITestsLaunchTests.swift in Sources */,
				86CA8FCC2DA7E3380063D498 /* PolycodeUITests.swift in Sources */,
			);
			runOnlyForDeploymentPostprocessing = 0;
		};
/* End PBXSourcesBuildPhase section */

/* Begin PBXTargetDependency section */
		86CA8FBF2DA7E3380063D498 /* PBXTargetDependency */ = {
			isa = PBXTargetDependency;
			target = 86CA8FAC2DA7E3370063D498 /* Polycode */;
			targetProxy = 86CA8FBE2DA7E3380063D498 /* PBXContainerItemProxy */;
		};
		86CA8FC92DA7E3380063D498 /* PBXTargetDependency */ = {
			isa = PBXTargetDependency;
			target = 86CA8FAC2DA7E3370063D498 /* Polycode */;
			targetProxy = 86CA8FC82DA7E3380063D498 /* PBXContainerItemProxy */;
		};
/* End PBXTargetDependency section */

/* Begin XCBuildConfiguration section */
		86CA8FCF2DA7E3380063D498 /* Debug */ = {
			isa = XCBuildConfiguration;
			buildSettings = {
				ALWAYS_SEARCH_USER_PATHS = NO;
				ASSETCATALOG_COMPILER_GENERATE_SWIFT_ASSET_SYMBOL_EXTENSIONS = YES;
				CLANG_ANALYZER_NONNULL = YES;
				CLANG_ANALYZER_NUMBER_OBJECT_CONVERSION = YES_AGGRESSIVE;
				CLANG_CXX_LANGUAGE_STANDARD = "gnu++20";
				CLANG_ENABLE_MODULES = YES;
				CLANG_ENABLE_OBJC_ARC = YES;
				CLANG_ENABLE_OBJC_WEAK = YES;
				CLANG_WARN_BLOCK_CAPTURE_AUTORELEASING = YES;
				CLANG_WARN_BOOL_CONVERSION = YES;
				CLANG_WARN_COMMA = YES;
				CLANG_WARN_CONSTANT_CONVERSION = YES;
				CLANG_WARN_DEPRECATED_OBJC_IMPLEMENTATIONS = YES;
				CLANG_WARN_DIRECT_OBJC_ISA_USAGE = YES_ERROR;
				CLANG_WARN_DOCUMENTATION_COMMENTS = YES;
				CLANG_WARN_EMPTY_BODY = YES;
				CLANG_WARN_ENUM_CONVERSION = YES;
				CLANG_WARN_INFINITE_RECURSION = YES;
				CLANG_WARN_INT_CONVERSION = YES;
				CLANG_WARN_NON_LITERAL_NULL_CONVERSION = YES;
				CLANG_WARN_OBJC_IMPLICIT_RETAIN_SELF = YES;
				CLANG_WARN_OBJC_LITERAL_CONVERSION = YES;
				CLANG_WARN_OBJC_ROOT_CLASS = YES_ERROR;
				CLANG_WARN_QUOTED_INCLUDE_IN_FRAMEWORK_HEADER = YES;
				CLANG_WARN_RANGE_LOOP_ANALYSIS = YES;
				CLANG_WARN_STRICT_PROTOTYPES = YES;
				CLANG_WARN_SUSPICIOUS_MOVE = YES;
				CLANG_WARN_UNGUARDED_AVAILABILITY = YES_AGGRESSIVE;
				CLANG_WARN_UNREACHABLE_CODE = YES;
				CLANG_WARN__DUPLICATE_METHOD_MATCH = YES;
				COPY_PHASE_STRIP = NO;
				DEBUG_INFORMATION_FORMAT = dwarf;
				DEVELOPMENT_TEAM = RMHSGJ2Z4U;
				ENABLE_STRICT_OBJC_MSGSEND = YES;
				ENABLE_TESTABILITY = YES;
				ENABLE_USER_SCRIPT_SANDBOXING = YES;
				GCC_C_LANGUAGE_STANDARD = gnu17;
				GCC_DYNAMIC_NO_PIC = NO;
				GCC_NO_COMMON_BLOCKS = YES;
				GCC_OPTIMIZATION_LEVEL = 0;
				GCC_PREPROCESSOR_DEFINITIONS = (
					"DEBUG=1",
					"$(inherited)",
				);
				GCC_WARN_64_TO_32_BIT_CONVERSION = YES;
				GCC_WARN_ABOUT_RETURN_TYPE = YES_ERROR;
				GCC_WARN_UNDECLARED_SELECTOR = YES;
				GCC_WARN_UNINITIALIZED_AUTOS = YES_AGGRESSIVE;
				GCC_WARN_UNUSED_FUNCTION = YES;
				GCC_WARN_UNUSED_VARIABLE = YES;
				IPHONEOS_DEPLOYMENT_TARGET = 17.5;
				LOCALIZATION_PREFERS_STRING_CATALOGS = YES;
				MTL_ENABLE_DEBUG_INFO = INCLUDE_SOURCE;
				MTL_FAST_MATH = YES;
				ONLY_ACTIVE_ARCH = YES;
				SDKROOT = iphoneos;
				SWIFT_ACTIVE_COMPILATION_CONDITIONS = "DEBUG $(inherited)";
				SWIFT_OPTIMIZATION_LEVEL = "-Onone";
			};
			name = Debug;
		};
		86CA8FD02DA7E3380063D498 /* Release */ = {
			isa = XCBuildConfiguration;
			buildSettings = {
				ALWAYS_SEARCH_USER_PATHS = NO;
				ASSETCATALOG_COMPILER_GENERATE_SWIFT_ASSET_SYMBOL_EXTENSIONS = YES;
				CLANG_ANALYZER_NONNULL = YES;
				CLANG_ANALYZER_NUMBER_OBJECT_CONVERSION = YES_AGGRESSIVE;
				CLANG_CXX_LANGUAGE_STANDARD = "gnu++20";
				CLANG_ENABLE_MODULES = YES;
				CLANG_ENABLE_OBJC_ARC = YES;
				CLANG_ENABLE_OBJC_WEAK = YES;
				CLANG_WARN_BLOCK_CAPTURE_AUTORELEASING = YES;
				CLANG_WARN_BOOL_CONVERSION = YES;
				CLANG_WARN_COMMA = YES;
				CLANG_WARN_CONSTANT_CONVERSION = YES;
				CLANG_WARN_DEPRECATED_OBJC_IMPLEMENTATIONS = YES;
				CLANG_WARN_DIRECT_OBJC_ISA_USAGE = YES_ERROR;
				CLANG_WARN_DOCUMENTATION_COMMENTS = YES;
				CLANG_WARN_EMPTY_BODY = YES;
				CLANG_WARN_ENUM_CONVERSION = YES;
				CLANG_WARN_INFINITE_RECURSION = YES;
				CLANG_WARN_INT_CONVERSION = YES;
				CLANG_WARN_NON_LITERAL_NULL_CONVERSION = YES;
				CLANG_WARN_OBJC_IMPLICIT_RETAIN_SELF = YES;
				CLANG_WARN_OBJC_LITERAL_CONVERSION = YES;
				CLANG_WARN_OBJC_ROOT_CLASS = YES_ERROR;
				CLANG_WARN_QUOTED_INCLUDE_IN_FRAMEWORK_HEADER = YES;
				CLANG_WARN_RANGE_LOOP_ANALYSIS = YES;
				CLANG_WARN_STRICT_PROTOTYPES = YES;
				CLANG_WARN_SUSPICIOUS_MOVE = YES;
				CLANG_WARN_UNGUARDED_AVAILABILITY = YES_AGGRESSIVE;
				CLANG_WARN_UNREACHABLE_CODE = YES;
				CLANG_WARN__DUPLICATE_METHOD_MATCH = YES;
				COPY_PHASE_STRIP = NO;
				DEBUG_INFORMATION_FORMAT = "dwarf-with-dsym";
				DEVELOPMENT_TEAM = RMHSGJ2Z4U;
				ENABLE_NS_ASSERTIONS = NO;
				ENABLE_STRICT_OBJC_MSGSEND = YES;
				ENABLE_USER_SCRIPT_SANDBOXING = YES;
				GCC_C_LANGUAGE_STANDARD = gnu17;
				GCC_NO_COMMON_BLOCKS = YES;
				GCC_WARN_64_TO_32_BIT_CONVERSION = YES;
				GCC_WARN_ABOUT_RETURN_TYPE = YES_ERROR;
				GCC_WARN_UNDECLARED_SELECTOR = YES;
				GCC_WARN_UNINITIALIZED_AUTOS = YES_AGGRESSIVE;
				GCC_WARN_UNUSED_FUNCTION = YES;
				GCC_WARN_UNUSED_VARIABLE = YES;
				IPHONEOS_DEPLOYMENT_TARGET = 17.5;
				LOCALIZATION_PREFERS_STRING_CATALOGS = YES;
				MTL_ENABLE_DEBUG_INFO = NO;
				MTL_FAST_MATH = YES;
				SDKROOT = iphoneos;
				SWIFT_COMPILATION_MODE = wholemodule;
				VALIDATE_PRODUCT = YES;
			};
			name = Release;
		};
		86CA8FD22DA7E3380063D498 /* Debug */ = {
			isa = XCBuildConfiguration;
			buildSettings = {
				ASSETCATALOG_COMPILER_APPICON_NAME = AppIcon;
				ASSETCATALOG_COMPILER_GLOBAL_ACCENT_COLOR_NAME = AccentColor;
				CODE_SIGN_STYLE = Automatic;
				CURRENT_PROJECT_VERSION = 1;
				DEVELOPMENT_ASSET_PATHS = "";
				ENABLE_PREVIEWS = YES;
				GENERATE_INFOPLIST_FILE = YES;
				INFOPLIST_KEY_UIApplicationSceneManifest_Generation = YES;
				INFOPLIST_KEY_UIApplicationSupportsIndirectInputEvents = YES;
				INFOPLIST_KEY_UILaunchScreen_Generation = YES;
				INFOPLIST_KEY_UISupportedInterfaceOrientations_iPad = "UIInterfaceOrientationPortrait UIInterfaceOrientationPortraitUpsideDown UIInterfaceOrientationLandscapeLeft UIInterfaceOrientationLandscapeRight";
				INFOPLIST_KEY_UISupportedInterfaceOrientations_iPhone = "UIInterfaceOrientationPortrait UIInterfaceOrientationLandscapeLeft UIInterfaceOrientationLandscapeRight";
				LD_RUNPATH_SEARCH_PATHS = (
					"$(inherited)",
					"@executable_path/Frameworks",
				);
				MARKETING_VERSION = 1.0;
				PRODUCT_BUNDLE_IDENTIFIER = com.yueric.school.Polycode;
				PRODUCT_NAME = "$(TARGET_NAME)";
				SWIFT_EMIT_LOC_STRINGS = YES;
				SWIFT_VERSION = 5.0;
				TARGETED_DEVICE_FAMILY = "1,2";
			};
			name = Debug;
		};
		86CA8FD32DA7E3380063D498 /* Release */ = {
			isa = XCBuildConfiguration;
			buildSettings = {
				ASSETCATALOG_COMPILER_APPICON_NAME = AppIcon;
				ASSETCATALOG_COMPILER_GLOBAL_ACCENT_COLOR_NAME = AccentColor;
				CODE_SIGN_STYLE = Automatic;
				CURRENT_PROJECT_VERSION = 1;
				DEVELOPMENT_ASSET_PATHS = "";
				ENABLE_PREVIEWS = YES;
				GENERATE_INFOPLIST_FILE = YES;
				INFOPLIST_KEY_UIApplicationSceneManifest_Generation = YES;
				INFOPLIST_KEY_UIApplicationSupportsIndirectInputEvents = YES;
				INFOPLIST_KEY_UILaunchScreen_Generation = YES;
				INFOPLIST_KEY_UISupportedInterfaceOrientations_iPad = "UIInterfaceOrientationPortrait UIInterfaceOrientationPortraitUpsideDown UIInterfaceOrientationLandscapeLeft UIInterfaceOrientationLandscapeRight";
				INFOPLIST_KEY_UISupportedInterfaceOrientations_iPhone = "UIInterfaceOrientationPortrait UIInterfaceOrientationLandscapeLeft UIInterfaceOrientationLandscapeRight";
				LD_RUNPATH_SEARCH_PATHS = (
					"$(inherited)",
					"@executable_path/Frameworks",
				);
				MARKETING_VERSION = 1.0;
				PRODUCT_BUNDLE_IDENTIFIER = com.yueric.school.Polycode;
				PRODUCT_NAME = "$(TARGET_NAME)";
				SWIFT_EMIT_LOC_STRINGS = YES;
				SWIFT_VERSION = 5.0;
				TARGETED_DEVICE_FAMILY = "1,2";
			};
			name = Release;
		};
		86CA8FD52DA7E3380063D498 /* Debug */ = {
			isa = XCBuildConfiguration;
			buildSettings = {
				BUNDLE_LOADER = "$(TEST_HOST)";
				CODE_SIGN_STYLE = Automatic;
				CURRENT_PROJECT_VERSION = 1;
				GENERATE_INFOPLIST_FILE = YES;
				IPHONEOS_DEPLOYMENT_TARGET = 17.5;
				MARKETING_VERSION = 1.0;
				PRODUCT_BUNDLE_IDENTIFIER = com.yueric.school.PolycodeTests;
				PRODUCT_NAME = "$(TARGET_NAME)";
				SWIFT_EMIT_LOC_STRINGS = NO;
				SWIFT_VERSION = 5.0;
				TARGETED_DEVICE_FAMILY = "1,2";
				TEST_HOST = "$(BUILT_PRODUCTS_DIR)/Polycode.app/$(BUNDLE_EXECUTABLE_FOLDER_PATH)/Polycode";
			};
			name = Debug;
		};
		86CA8FD62DA7E3380063D498 /* Release */ = {
			isa = XCBuildConfiguration;
			buildSettings = {
				BUNDLE_LOADER = "$(TEST_HOST)";
				CODE_SIGN_STYLE = Automatic;
				CURRENT_PROJECT_VERSION = 1;
				GENERATE_INFOPLIST_FILE = YES;
				IPHONEOS_DEPLOYMENT_TARGET = 17.5;
				MARKETING_VERSION = 1.0;
				PRODUCT_BUNDLE_IDENTIFIER = com.yueric.school.PolycodeTests;
				PRODUCT_NAME = "$(TARGET_NAME)";
				SWIFT_EMIT_LOC_STRINGS = NO;
				SWIFT_VERSION = 5.0;
				TARGETED_DEVICE_FAMILY = "1,2";
				TEST_HOST = "$(BUILT_PRODUCTS_DIR)/Polycode.app/$(BUNDLE_EXECUTABLE_FOLDER_PATH)/Polycode";
			};
			name = Release;
		};
		86CA8FD82DA7E3380063D498 /* Debug */ = {
			isa = XCBuildConfiguration;
			buildSettings = {
				CODE_SIGN_STYLE = Automatic;
				CURRENT_PROJECT_VERSION = 1;
				GENERATE_INFOPLIST_FILE = YES;
				MARKETING_VERSION = 1.0;
				PRODUCT_BUNDLE_IDENTIFIER = com.yueric.school.PolycodeUITests;
				PRODUCT_NAME = "$(TARGET_NAME)";
				SWIFT_EMIT_LOC_STRINGS = NO;
				SWIFT_VERSION = 5.0;
				TARGETED_DEVICE_FAMILY = "1,2";
				TEST_TARGET_NAME = Polycode;
			};
			name = Debug;
		};
		86CA8FD92DA7E3380063D498 /* Release */ = {
			isa = XCBuildConfiguration;
			buildSettings = {
				CODE_SIGN_STYLE = Automatic;
				CURRENT_PROJECT_VERSION = 1;
				GENERATE_INFOPLIST_FILE = YES;
				MARKETING_VERSION = 1.0;
				PRODUCT_BUNDLE_IDENTIFIER = com.yueric.school.PolycodeUITests;
				PRODUCT_NAME = "$(TARGET_NAME)";
				SWIFT_EMIT_LOC_STRINGS = NO;
				SWIFT_VERSION = 5.0;
				TARGETED_DEVICE_FAMILY = "1,2";
				TEST_TARGET_NAME = Polycode;
			};
			name = Release;
		};
/* End XCBuildConfiguration section */

/* Begin XCConfigurationList section */
		86CA8FA82DA7E3370063D498 /* Build configuration list for PBXProject "Polycode" */ = {
			isa = XCConfigurationList;
			buildConfigurations = (
				86CA8FCF2DA7E3380063D498 /* Debug */,
				86CA8FD02DA7E3380063D498 /* Release */,
			);
			defaultConfigurationIsVisible = 0;
			defaultConfigurationName = Release;
		};
		86CA8FD12DA7E3380063D498 /* Build configuration list for PBXNativeTarget "Polycode" */ = {
			isa = XCConfigurationList;
			buildConfigurations = (
				86CA8FD22DA7E3380063D498 /* Debug */,
				86CA8FD32DA7E3380063D498 /* Release */,
			);
			defaultConfigurationIsVisible = 0;
			defaultConfigurationName = Release;
		};
		86CA8FD42DA7E3380063D498 /* Build configuration list for PBXNativeTarget "PolycodeTests" */ = {
			isa = XCConfigurationList;
			buildConfigurations = (
				86CA8FD52DA7E3380063D498 /* Debug */,
				86CA8FD62DA7E3380063D498 /* Release */,
			);
			defaultConfigurationIsVisible = 0;
			defaultConfigurationName = Release;
		};
		86CA8FD72DA7E3380063D498 /* Build configuration list for PBXNativeTarget "PolycodeUITests" */ = {
			isa = XCConfigurationList;
			buildConfigurations = (
				86CA8FD82DA7E3380063D498 /* Debug */,
				86CA8FD92DA7E3380063D498 /* Release */,
			);
			defaultConfigurationIsVisible = 0;
			defaultConfigurationName = Release;
		};
/* End XCConfigurationList section */

/* Begin XCRemoteSwiftPackageReference section */
		86D421192DB70EE800D7F913 /* XCRemoteSwiftPackageReference "firebase-ios-sdk" */ = {
			isa = XCRemoteSwiftPackageReference;
			repositoryURL = "https://github.com/firebase/firebase-ios-sdk";
			requirement = {
				kind = upToNextMajorVersion;
				minimumVersion = 11.12.0;
			};
		};
/* End XCRemoteSwiftPackageReference section */

/* Begin XCSwiftPackageProductDependency section */
		86D4211A2DB70EE800D7F913 /* FirebaseAnalytics */ = {
			isa = XCSwiftPackageProductDependency;
			package = 86D421192DB70EE800D7F913 /* XCRemoteSwiftPackageReference "firebase-ios-sdk" */;
			productName = FirebaseAnalytics;
		};
		86D4211C2DB70EE800D7F913 /* FirebaseFirestore */ = {
			isa = XCSwiftPackageProductDependency;
			package = 86D421192DB70EE800D7F913 /* XCRemoteSwiftPackageReference "firebase-ios-sdk" */;
			productName = FirebaseFirestore;
		};
		86DB06DB2DB73B6500D14E03 /* FirebaseAuth */ = {
			isa = XCSwiftPackageProductDependency;
			package = 86D421192DB70EE800D7F913 /* XCRemoteSwiftPackageReference "firebase-ios-sdk" */;
			productName = FirebaseAuth;
		};
/* End XCSwiftPackageProductDependency section */
	};
	rootObject = 86CA8FA52DA7E3370063D498 /* Project object */;
}
